
Microsoft Visual Studio Solution File, Format Version 12.00
# Visual Studio 15
VisualStudioVersion = 15.0.27703.2035
MinimumVisualStudioVersion = 10.0.40219.1
Project("{8BC9CEB8-8B4A-11D0-8D11-00A0C91BC942}") = "Project_LTH", "Project_LTH.vcxproj", "{597F4899-9BAC-4BFA-9469-A282A1A63A10}"
EndProject
Global
	GlobalSection(SolutionConfigurationPlatforms) = preSolution
		Debug|x64 = Debug|x64
		Debug|x86 = Debug|x86
		Release|x64 = Release|x64
		Release|x86 = Release|x86
	EndGlobalSection
	GlobalSection(ProjectConfigurationPlatforms) = postSolution
		{597F4899-9BAC-4BFA-9469-A282A1A63A10}.Debug|x64.ActiveCfg = Debug|x64
		{597F4899-9BAC-4BFA-9469-A282A1A63A10}.Debug|x64.Build.0 = Debug|x64
		{597F4899-9BAC-4BFA-9469-A282A1A63A10}.Debug|x86.ActiveCfg = Debug|Win32
		{597F4899-9BAC-4BFA-9469-A282A1A63A10}.Debug|x86.Build.0 = Debug|Win32
		{597F4899-9BAC-4BFA-9469-A282A1A63A10}.Release|x64.ActiveCfg = Release|x64
		{597F4899-9BAC-4BFA-9469-A282A1A63A10}.Release|x64.Build.0 = Release|x64
		{597F4899-9BAC-4BFA-9469-A282A1A63A10}.Release|x86.ActiveCfg = Release|Win32
		{597F4899-9BAC-4BFA-9469-A282A1A63A10}.Release|x86.Build.0 = Release|Win32
	EndGlobalSection
	GlobalSection(SolutionProperties) = preSolution
		HideSolutionNode = FALSE
	EndGlobalSection
	GlobalSection(ExtensibilityGlobals) = postSolution
		SolutionGuid = {1060F116-E69F-4D00-B0DA-C94959B5BFE7}
	EndGlobalSection
EndGlobal
